
Microsoft Visual Studio Solution File, Format Version 12.00
# Visual Studio Version 16
VisualStudioVersion = 16.0.30711.63
MinimumVisualStudioVersion = 10.0.40219.1
Project("{FAE04EC0-301F-11D3-BF4B-00C04F79EFBC}") = "CRUD", "CRUD\CRUD.csproj", "{29ED0BE0-19DB-4114-927B-479072CA367B}"
EndProject
Project("{FAE04EC0-301F-11D3-BF4B-00C04F79EFBC}") = "Data", "Data\Data.csproj", "{EEBFF7CF-DD12-4346-8F59-F51B016E210F}"
EndProject
Project("{FAE04EC0-301F-11D3-BF4B-00C04F79EFBC}") = "Service", "Service\Service.csproj", "{FE2E8612-1672-452E-AAC1-7A2CDFF972C6}"
EndProject
Project("{FAE04EC0-301F-11D3-BF4B-00C04F79EFBC}") = "Common", "Common\Common.csproj", "{0FE25EF9-701E-4DC1-98DB-64A7212A9E49}"
EndProject
Global
	GlobalSection(SolutionConfigurationPlatforms) = preSolution
		Debug|Any CPU = Debug|Any CPU
		Release|Any CPU = Release|Any CPU
	EndGlobalSection
	GlobalSection(ProjectConfigurationPlatforms) = postSolution
		{29ED0BE0-19DB-4114-927B-479072CA367B}.Debug|Any CPU.ActiveCfg = Debug|Any CPU
		{29ED0BE0-19DB-4114-927B-479072CA367B}.Debug|Any CPU.Build.0 = Debug|Any CPU
		{29ED0BE0-19DB-4114-927B-479072CA367B}.Release|Any CPU.ActiveCfg = Release|Any CPU
		{29ED0BE0-19DB-4114-927B-479072CA367B}.Release|Any CPU.Build.0 = Release|Any CPU
		{EEBFF7CF-DD12-4346-8F59-F51B016E210F}.Debug|Any CPU.ActiveCfg = Debug|Any CPU
		{EEBFF7CF-DD12-4346-8F59-F51B016E210F}.Debug|Any CPU.Build.0 = Debug|Any CPU
		{EEBFF7CF-DD12-4346-8F59-F51B016E210F}.Release|Any CPU.ActiveCfg = Release|Any CPU
		{EEBFF7CF-DD12-4346-8F59-F51B016E210F}.Release|Any CPU.Build.0 = Release|Any CPU
		{FE2E8612-1672-452E-AAC1-7A2CDFF972C6}.Debug|Any CPU.ActiveCfg = Debug|Any CPU
		{FE2E8612-1672-452E-AAC1-7A2CDFF972C6}.Debug|Any CPU.Build.0 = Debug|Any CPU
		{FE2E8612-1672-452E-AAC1-7A2CDFF972C6}.Release|Any CPU.ActiveCfg = Release|Any CPU
		{FE2E8612-1672-452E-AAC1-7A2CDFF972C6}.Release|Any CPU.Build.0 = Release|Any CPU
		{0FE25EF9-701E-4DC1-98DB-64A7212A9E49}.Debug|Any CPU.ActiveCfg = Debug|Any CPU
		{0FE25EF9-701E-4DC1-98DB-64A7212A9E49}.Debug|Any CPU.Build.0 = Debug|Any CPU
		{0FE25EF9-701E-4DC1-98DB-64A7212A9E49}.Release|Any CPU.ActiveCfg = Release|Any CPU
		{0FE25EF9-701E-4DC1-98DB-64A7212A9E49}.Release|Any CPU.Build.0 = Release|Any CPU
	EndGlobalSection
	GlobalSection(SolutionProperties) = preSolution
		HideSolutionNode = FALSE
	EndGlobalSection
	GlobalSection(ExtensibilityGlobals) = postSolution
		SolutionGuid = {BC3DF062-8419-4E7A-859D-5E8940EDD0B9}
	EndGlobalSection
EndGlobal
